github.com/creack/pty v1.1.24 h1:bJrF4RRfyJnbTJqzRLHzcGaZK1NeM5kTC9jGgovnR1s=
github.com/creack/pty v1.1.24/go.mod h1:08sCNb52WyoAwi2QDyzUCTgcvVFhUzewun7wtTfvcwE=
github.com/jessevdk/go-flags v1.6.1 h1:Cvu5U8UGrLay1rZfv/zP7iLpSHGUZ/Ou68T0iX1bBK4=
github.com/jessevdk/go-flags v1.6.1/go.mod h1:Mk8T1hIAWpOiJiHa9rJASDK2UGWji0EuPGBnNLMooyc=
github.com/lczyk/assert v0.7.1 h1:tPT19OOZYqXpHziF7LpY26Ra/99kO93bfxWpQ9i/sbQ=
github.com/lczyk/assert v0.7.1/go.mod h1:Vv3LWPfjC/FbJ3IXb22YNWxZWicc1x6R7hzDCf+RARc=
github.com/lczyk/version/go v0.5.0 h1:PRge4vy77pPUcYiThEwaLMaHvMe4Xad1XKTOgdLOlVY=
github.com/lczyk/version/go v0.5.0/go.mod h1:8CHgUp1ILDx0+yN/F53SM/QKRjVEXjt3Od4D4L0986Y=
golang.org/x/sys v0.47.0 h1:o7XGOvZQCADBQQ4Y7VNq2dRWQR7JmOUW8Kxx4ZsNgWs=
golang.org/x/sys v0.47.0/go.mod h1:4GL1E5IUh+htKOUEOaiffhrAeqysfVGipDYzABqnCmw=
golang.org/x/term v0.45.0 h1:NwWyBmoJCbfTHpxrWoZ9C6/VxOf7ic219I8xZZFdrf0=
golang.org/x/term v0.45.0/go.mod h1:9aqxs0blBcrm/n0L9QW0aRVD+ktan8ssZromtqJC43w=
